
Microsoft Visual Studio Solution File, Format Version 12.00
# Visual Studio Version 17
VisualStudioVersion = 17.13.35913.81 d17.13
MinimumVisualStudioVersion = 10.0.40219.1
Project("{8BC9CEB8-8B4A-11D0-8D11-00A0C91BC942}") = "Strategy", "Strategy\Strategy.vcxproj", "{3339DB43-ACE9-4D8E-B27C-1D63A5DBA3DF}"
EndProject
Global
	GlobalSection(SolutionConfigurationPlatforms) = preSolution
		Debug|x64 = Debug|x64
		Debug|x86 = Debug|x86
		Release|x64 = Release|x64
		Release|x86 = Release|x86
	EndGlobalSection
	GlobalSection(ProjectConfigurationPlatforms) = postSolution
		{3339DB43-ACE9-4D8E-B27C-1D63A5DBA3DF}.Debug|x64.ActiveCfg = Debug|x64
		{3339DB43-ACE9-4D8E-B27C-1D63A5DBA3DF}.Debug|x64.Build.0 = Debug|x64
		{3339DB43-ACE9-4D8E-B27C-1D63A5DBA3DF}.Debug|x86.ActiveCfg = Debug|Win32
		{3339DB43-ACE9-4D8E-B27C-1D63A5DBA3DF}.Debug|x86.Build.0 = Debug|Win32
		{3339DB43-ACE9-4D8E-B27C-1D63A5DBA3DF}.Release|x64.ActiveCfg = Release|x64
		{3339DB43-ACE9-4D8E-B27C-1D63A5DBA3DF}.Release|x64.Build.0 = Release|x64
		{3339DB43-ACE9-4D8E-B27C-1D63A5DBA3DF}.Release|x86.ActiveCfg = Release|Win32
		{3339DB43-ACE9-4D8E-B27C-1D63A5DBA3DF}.Release|x86.Build.0 = Release|Win32
	EndGlobalSection
	GlobalSection(SolutionProperties) = preSolution
		HideSolutionNode = FALSE
	EndGlobalSection
	GlobalSection(ExtensibilityGlobals) = postSolution
		SolutionGuid = {E6A0B58B-DC61-41CA-96B3-5DE82B124A8B}
	EndGlobalSection
EndGlobal
