
Microsoft Visual Studio Solution File, Format Version 12.00
# Visual Studio Version 17
VisualStudioVersion = 17.14.36717.8 d17.14
MinimumVisualStudioVersion = 10.0.40219.1
Project("{8BC9CEB8-8B4A-11D0-8D11-00A0C91BC942}") = "Facade", "Facade\Facade.vcxproj", "{B1047881-AD5B-4D76-8125-404612402B70}"
EndProject
Global
	GlobalSection(SolutionConfigurationPlatforms) = preSolution
		Debug|x64 = Debug|x64
		Debug|x86 = Debug|x86
		Release|x64 = Release|x64
		Release|x86 = Release|x86
	EndGlobalSection
	GlobalSection(ProjectConfigurationPlatforms) = postSolution
		{B1047881-AD5B-4D76-8125-404612402B70}.Debug|x64.ActiveCfg = Debug|x64
		{B1047881-AD5B-4D76-8125-404612402B70}.Debug|x64.Build.0 = Debug|x64
		{B1047881-AD5B-4D76-8125-404612402B70}.Debug|x86.ActiveCfg = Debug|Win32
		{B1047881-AD5B-4D76-8125-404612402B70}.Debug|x86.Build.0 = Debug|Win32
		{B1047881-AD5B-4D76-8125-404612402B70}.Release|x64.ActiveCfg = Release|x64
		{B1047881-AD5B-4D76-8125-404612402B70}.Release|x64.Build.0 = Release|x64
		{B1047881-AD5B-4D76-8125-404612402B70}.Release|x86.ActiveCfg = Release|Win32
		{B1047881-AD5B-4D76-8125-404612402B70}.Release|x86.Build.0 = Release|Win32
	EndGlobalSection
	GlobalSection(SolutionProperties) = preSolution
		HideSolutionNode = FALSE
	EndGlobalSection
	GlobalSection(ExtensibilityGlobals) = postSolution
		SolutionGuid = {CECAD3E1-2039-4F58-B14F-31FB3F13435B}
	EndGlobalSection
EndGlobal
